# This file is automatically @generated by Cargo.
# It is not intended for manual editing.
version = 4

[[package]]
name = "mnu-abi"
version = "0.1.0"

[[package]]
name = "mochi-user-newlib-runtime"
version = "0.1.0"
dependencies = [
 "mochi-user-syscall",
]

[[package]]
name = "mochi-user-platform"
version = "0.1.0"
dependencies = [
 "mochi-user-runtime",
 "mochi-user-syscall",
]

[[package]]
name = "mochi-user-runtime"
version = "0.1.0"
dependencies = [
 "mochi-user-syscall",
]

[[package]]
name = "mochi-user-syscall"
version = "0.1.0"
dependencies = [
 "mnu-abi",
]
