# This file is automatically @generated by Cargo.
# It is not intended for manual editing.
version = 4

[[package]]
name = "rust-std-demo"
version = "0.1.0"

[[patch.unused]]
name = "mnu-abi"
version = "0.1.0"

[[patch.unused]]
name = "viewkit"
version = "1.0.1"

[[patch.unused]]
name = "libc"
version = "0.2.185"

[[patch.unused]]
name = "rustc-std-workspace-alloc"
version = "1.99.0"

[[patch.unused]]
name = "rustc-std-workspace-core"
version = "1.99.0"

[[patch.unused]]
name = "rustc-std-workspace-std"
version = "1.99.0"

[[patch.unused]]
name = "viewkit"
version = "1.0.1"

[[patch.unused]]
name = "mboot-protocol"
version = "0.1.0"
